
Microsoft Visual Studio Solution File, Format Version 12.00
# Visual Studio Version 16
VisualStudioVersion = 16.0.30406.217
MinimumVisualStudioVersion = 10.0.40219.1
Project("{FAE04EC0-301F-11D3-BF4B-00C04F79EFBC}") = "PoruchyHlaseni", "PoruchyHlaseni\PoruchyHlaseni.csproj", "{D9C28FD4-7A00-4A08-A366-267B2083E005}"
EndProject
Project("{FAE04EC0-301F-11D3-BF4B-00C04F79EFBC}") = "PoruchyUdrzba", "PoruchyUdrzba\PoruchyUdrzba.csproj", "{8991B749-5F3F-46F2-B0F0-8A001FC9BC3E}"
EndProject
Global
	GlobalSection(SolutionConfigurationPlatforms) = preSolution
		Debug|Any CPU = Debug|Any CPU
		Release|Any CPU = Release|Any CPU
	EndGlobalSection
	GlobalSection(ProjectConfigurationPlatforms) = postSolution
		{D9C28FD4-7A00-4A08-A366-267B2083E005}.Debug|Any CPU.ActiveCfg = Debug|Any CPU
		{D9C28FD4-7A00-4A08-A366-267B2083E005}.Debug|Any CPU.Build.0 = Debug|Any CPU
		{D9C28FD4-7A00-4A08-A366-267B2083E005}.Release|Any CPU.ActiveCfg = Release|Any CPU
		{D9C28FD4-7A00-4A08-A366-267B2083E005}.Release|Any CPU.Build.0 = Release|Any CPU
		{8991B749-5F3F-46F2-B0F0-8A001FC9BC3E}.Debug|Any CPU.ActiveCfg = Debug|Any CPU
		{8991B749-5F3F-46F2-B0F0-8A001FC9BC3E}.Debug|Any CPU.Build.0 = Debug|Any CPU
		{8991B749-5F3F-46F2-B0F0-8A001FC9BC3E}.Release|Any CPU.ActiveCfg = Release|Any CPU
		{8991B749-5F3F-46F2-B0F0-8A001FC9BC3E}.Release|Any CPU.Build.0 = Release|Any CPU
	EndGlobalSection
	GlobalSection(SolutionProperties) = preSolution
		HideSolutionNode = FALSE
	EndGlobalSection
	GlobalSection(ExtensibilityGlobals) = postSolution
		SolutionGuid = {B80B0D79-1B52-4D5A-8EBA-A7402EED77D1}
	EndGlobalSection
EndGlobal
